// !$*UTF8*$!
{
	archiveVersion = 1;
	classes = {
	};
	objectVersion = 77;
	objects = {

/* Begin PBXBuildFile section */
		C66B61292FAC6F6600C81E92 /* WidgetKit.framework in Frameworks */ = {isa = PBXBuildFile; fileRef = 9E6DB8DB2E5A06A500476BE0 /* WidgetKit.framework */; };
		C66B612A2FAC6F6600C81E92 /* SwiftUI.framework in Frameworks */ = {isa = PBXBuildFile; fileRef = 9E6DB8DD2E5A06A500476BE0 /* SwiftUI.framework */; };
		C66B61392FAC6F6700C81E92 /* WidgetExtension.appex in Embed Foundation Extensions */ = {isa = PBXBuildFile; fileRef = C66B61282FAC6F6600C81E92 /* WidgetExtension.appex */; settings = {ATTRIBUTES = (RemoveHeadersOnCopy, ); }; };
/* End PBXBuildFile section */

/* Begin PBXContainerItemProxy section */
		9E6DB8702E59C60A00476BE0 /* PBXContainerItemProxy */ = {
			isa = PBXContainerItemProxy;
			containerPortal = 9E6DB85A2E59C60700476BE0 /* Project object */;
			proxyType = 1;
			remoteGlobalIDString = 9E6DB8612E59C60700476BE0;
			remoteInfo = SmartSpend;
		};
		9E6DB87A2E59C60A00476BE0 /* PBXContainerItemProxy */ = {
			isa = PBXContainerItemProxy;
			containerPortal = 9E6DB85A2E59C60700476BE0 /* Project object */;
			proxyType = 1;
			remoteGlobalIDString = 9E6DB8612E59C60700476BE0;
			remoteInfo = SmartSpend;
		};
		C66B61372FAC6F6700C81E92 /* PBXContainerItemProxy */ = {
			isa = PBXContainerItemProxy;
			containerPortal = 9E6DB85A2E59C60700476BE0 /* Project object */;
			proxyType = 1;
			remoteGlobalIDString = C66B61272FAC6F6600C81E92;
			remoteInfo = WidgetExtension;
		};
/* End PBXContainerItemProxy section */

/* Begin PBXCopyFilesBuildPhase section */
		C66B613A2FAC6F6700C81E92 /* Embed Foundation Extensions */ = {
			isa = PBXCopyFilesBuildPhase;
			buildActionMask = 2147483647;
			dstPath = "";
			dstSubfolderSpec = 13;
			files = (
				C66B61392FAC6F6700C81E92 /* WidgetExtension.appex in Embed Foundation Extensions */,
			);
			name = "Embed Foundation Extensions";
			runOnlyForDeploymentPostprocessing = 0;
		};
/* End PBXCopyFilesBuildPhase section */

/* Begin PBXFileReference section */
		9E6DB8622E59C60700476BE0 /* SmartSpend.app */ = {isa = PBXFileReference; explicitFileType = wrapper.application; includeInIndex = 0; path = SmartSpend.app; sourceTree = BUILT_PRODUCTS_DIR; };
		9E6DB86F2E59C60A00476BE0 /* SmartSpendTests.xctest */ = {isa = PBXFileReference; explicitFileType = wrapper.cfbundle; includeInIndex = 0; path = SmartSpendTests.xctest; sourceTree = BUILT_PRODUCTS_DIR; };
		9E6DB8792E59C60A00476BE0 /* SmartSpendUITests.xctest */ = {isa = PBXFileReference; explicitFileType = wrapper.cfbundle; includeInIndex = 0; path = SmartSpendUITests.xctest; sourceTree = BUILT_PRODUCTS_DIR; };
		9E6DB8DB2E5A06A500476BE0 /* WidgetKit.framework */ = {isa = PBXFileReference; lastKnownFileType = wrapper.framework; name = WidgetKit.framework; path = System/Library/Frameworks/WidgetKit.framework; sourceTree = SDKROOT; };
		9E6DB8DD2E5A06A500476BE0 /* SwiftUI.framework */ = {isa = PBXFileReference; lastKnownFileType = wrapper.framework; name = SwiftUI.framework; path = System/Library/Frameworks/SwiftUI.framework; sourceTree = SDKROOT; };
		C66B61282FAC6F6600C81E92 /* WidgetExtension.appex */ = {isa = PBXFileReference; explicitFileType = "wrapper.app-extension"; includeInIndex = 0; path = WidgetExtension.appex; sourceTree = BUILT_PRODUCTS_DIR; };
		C66B61402FAC6FBD00C81E92 /* WidgetExtension.entitlements */ = {isa = PBXFileReference; lastKnownFileType = text.plist.entitlements; path = WidgetExtension.entitlements; sourceTree = "<group>"; };
/* End PBXFileReference section */

/* Begin PBXFileSystemSynchronizedBuildFileExceptionSet section */
		C66B613D2FAC6F6700C81E92 /* Exceptions for "Widget" folder in "WidgetExtension" target */ = {
			isa = PBXFileSystemSynchronizedBuildFileExceptionSet;
			membershipExceptions = (
				Info.plist,
			);
			target = C66B61272FAC6F6600C81E92 /* WidgetExtension */;
		};
/* End PBXFileSystemSynchronizedBuildFileExceptionSet section */

/* Begin PBXFileSystemSynchronizedRootGroup section */
		9E6DB8642E59C60700476BE0 /* SmartSpend */ = {
			isa = PBXFileSystemSynchronizedRootGroup;
			path = SmartSpend;
			sourceTree = "<group>";
		};
		9E6DB8722E59C60A00476BE0 /* SmartSpendTests */ = {
			isa = PBXFileSystemSynchronizedRootGroup;
			path = SmartSpendTests;
			sourceTree = "<group>";
		};
		9E6DB87C2E59C60A00476BE0 /* SmartSpendUITests */ = {
			isa = PBXFileSystemSynchronizedRootGroup;
			path = SmartSpendUITests;
			sourceTree = "<group>";
		};
		C66B612B2FAC6F6600C81E92 /* Widget */ = {
			isa = PBXFileSystemSynchronizedRootGroup;
			exceptions = (
				C66B613D2FAC6F6700C81E92 /* Exceptions for "Widget" folder in "WidgetExtension" target */,
			);
			path = Widget;
			sourceTree = "<group>";
		};
/* End PBXFileSystemSynchronizedRootGroup section */

/* Begin PBXFrameworksBuildPhase section */
		9E6DB86C2E59C60A00476BE0 /* Frameworks */ = {
			isa = PBXFrameworksBuildPhase;
			buildActionMask = 2147483647;
			files = (
			);
			runOnlyForDeploymentPostprocessing = 0;
		};
		9E6DB8762E59C60A00476BE0 /* Frameworks */ = {
			isa = PBXFrameworksBuildPhase;
			buildActionMask = 2147483647;
			files = (
			);
			runOnlyForDeploymentPostprocessing = 0;
		};
		9E8BF5782ECC76E100754B41 /* Frameworks */ = {
			isa = PBXFrameworksBuildPhase;
			buildActionMask = 2147483647;
			files = (
			);
			runOnlyForDeploymentPostprocessing = 0;
		};
		C66B61252FAC6F6600C81E92 /* Frameworks */ = {
			isa = PBXFrameworksBuildPhase;
			buildActionMask = 2147483647;
			files = (
				C66B612A2FAC6F6600C81E92 /* SwiftUI.framework in Frameworks */,
				C66B61292FAC6F6600C81E92 /* WidgetKit.framework in Frameworks */,
			);
			runOnlyForDeploymentPostprocessing = 0;
		};
/* End PBXFrameworksBuildPhase section */

/* Begin PBXGroup section */
		9E6DB8592E59C60700476BE0 = {
			isa = PBXGroup;
			children = (
				C66B61402FAC6FBD00C81E92 /* WidgetExtension.entitlements */,
				9E6DB8642E59C60700476BE0 /* SmartSpend */,
				9E6DB8722E59C60A00476BE0 /* SmartSpendTests */,
				9E6DB87C2E59C60A00476BE0 /* SmartSpendUITests */,
				C66B612B2FAC6F6600C81E92 /* Widget */,
				9E6DB8DA2E5A06A500476BE0 /* Frameworks */,
				9E6DB8632E59C60700476BE0 /* Products */,
			);
			sourceTree = "<group>";
		};
		9E6DB8632E59C60700476BE0 /* Products */ = {
			isa = PBXGroup;
			children = (
				9E6DB8622E59C60700476BE0 /* SmartSpend.app */,
				9E6DB86F2E59C60A00476BE0 /* SmartSpendTests.xctest */,
				9E6DB8792E59C60A00476BE0 /* SmartSpendUITests.xctest */,
				C66B61282FAC6F6600C81E92 /* WidgetExtension.appex */,
			);
			name = Products;
			sourceTree = "<group>";
		};
		9E6DB8DA2E5A06A500476BE0 /* Frameworks */ = {
			isa = PBXGroup;
			children = (
				9E6DB8DB2E5A06A500476BE0 /* WidgetKit.framework */,
				9E6DB8DD2E5A06A500476BE0 /* SwiftUI.framework */,
			);
			name = Frameworks;
			sourceTree = "<group>";
		};
/* End PBXGroup section */

/* Begin PBXHeadersBuildPhase section */
		9E8BF57B2ECC76E600754B41 /* Headers */ = {
			isa = PBXHeadersBuildPhase;
			buildActionMask = 2147483647;
			files = (
			);
			runOnlyForDeploymentPostprocessing = 0;
		};
/* End PBXHeadersBuildPhase section */

/* Begin PBXNativeTarget section */
		9E6DB8612E59C60700476BE0 /* SmartSpend */ = {
			isa = PBXNativeTarget;
			buildConfigurationList = 9E6DB8832E59C60A00476BE0 /* Build configuration list for PBXNativeTarget "SmartSpend" */;
			buildPhases = (
				9E8BF5782ECC76E100754B41 /* Frameworks */,
				9E8BF57B2ECC76E600754B41 /* Headers */,
				9E6EF85F2ECC79C2001FF394 /* Resources */,
				9E52A1702ECE1A1200362500 /* Sources */,
				C66B613A2FAC6F6700C81E92 /* Embed Foundation Extensions */,
			);
			buildRules = (
			);
			dependencies = (
				C66B61382FAC6F6700C81E92 /* PBXTargetDependency */,
			);
			fileSystemSynchronizedGroups = (
				9E6DB8642E59C60700476BE0 /* SmartSpend */,
			);
			name = SmartSpend;
			packageProductDependencies = (
			);
			productName = SmartSpend;
			productReference = 9E6DB8622E59C60700476BE0 /* SmartSpend.app */;
			productType = "com.apple.product-type.application";
		};
		9E6DB86E2E59C60A00476BE0 /* SmartSpendTests */ = {
			isa = PBXNativeTarget;
			buildConfigurationList = 9E6DB8862E59C60A00476BE0 /* Build configuration list for PBXNativeTarget "SmartSpendTests" */;
			buildPhases = (
				9E6DB86B2E59C60A00476BE0 /* Sources */,
				9E6DB86C2E59C60A00476BE0 /* Frameworks */,
				9E6DB86D2E59C60A00476BE0 /* Resources */,
			);
			buildRules = (
			);
			dependencies = (
				9E6DB8712E59C60A00476BE0 /* PBXTargetDependency */,
			);
			fileSystemSynchronizedGroups = (
				9E6DB8722E59C60A00476BE0 /* SmartSpendTests */,
			);
			name = SmartSpendTests;
			packageProductDependencies = (
			);
			productName = SmartSpendTests;
			productReference = 9E6DB86F2E59C60A00476BE0 /* SmartSpendTests.xctest */;
			productType = "com.apple.product-type.bundle.unit-test";
		};
		9E6DB8782E59C60A00476BE0 /* SmartSpendUITests */ = {
			isa = PBXNativeTarget;
			buildConfigurationList = 9E6DB8892E59C60A00476BE0 /* Build configuration list for PBXNativeTarget "SmartSpendUITests" */;
			buildPhases = (
				9E6DB8752E59C60A00476BE0 /* Sources */,
				9E6DB8762E59C60A00476BE0 /* Frameworks */,
				9E6DB8772E59C60A00476BE0 /* Resources */,
			);
			buildRules = (
			);
			dependencies = (
				9E6DB87B2E59C60A00476BE0 /* PBXTargetDependency */,
			);
			fileSystemSynchronizedGroups = (
				9E6DB87C2E59C60A00476BE0 /* SmartSpendUITests */,
			);
			name = SmartSpendUITests;
			packageProductDependencies = (
			);
			productName = SmartSpendUITests;
			productReference = 9E6DB8792E59C60A00476BE0 /* SmartSpendUITests.xctest */;
			productType = "com.apple.product-type.bundle.ui-testing";
		};
		C66B61272FAC6F6600C81E92 /* WidgetExtension */ = {
			isa = PBXNativeTarget;
			buildConfigurationList = C66B613E2FAC6F6700C81E92 /* Build configuration list for PBXNativeTarget "WidgetExtension" */;
			buildPhases = (
				C66B61242FAC6F6600C81E92 /* Sources */,
				C66B61252FAC6F6600C81E92 /* Frameworks */,
				C66B61262FAC6F6600C81E92 /* Resources */,
			);
			buildRules = (
			);
			dependencies = (
			);
			fileSystemSynchronizedGroups = (
				C66B612B2FAC6F6600C81E92 /* Widget */,
			);
			name = WidgetExtension;
			packageProductDependencies = (
			);
			productName = WidgetExtension;
			productReference = C66B61282FAC6F6600C81E92 /* WidgetExtension.appex */;
			productType = "com.apple.product-type.app-extension";
		};
/* End PBXNativeTarget section */

/* Begin PBXProject section */
		9E6DB85A2E59C60700476BE0 /* Project object */ = {
			isa = PBXProject;
			attributes = {
				BuildIndependentTargetsInParallel = 1;
				LastSwiftUpdateCheck = 2640;
				LastUpgradeCheck = 2610;
				TargetAttributes = {
					9E6DB8612E59C60700476BE0 = {
						CreatedOnToolsVersion = 16.4;
					};
					9E6DB86E2E59C60A00476BE0 = {
						CreatedOnToolsVersion = 16.4;
						TestTargetID = 9E6DB8612E59C60700476BE0;
					};
					9E6DB8782E59C60A00476BE0 = {
						CreatedOnToolsVersion = 16.4;
						TestTargetID = 9E6DB8612E59C60700476BE0;
					};
					C66B61272FAC6F6600C81E92 = {
						CreatedOnToolsVersion = 26.4.1;
					};
				};
			};
			buildConfigurationList = 9E6DB85D2E59C60700476BE0 /* Build configuration list for PBXProject "SmartSpend" */;
			developmentRegion = en;
			hasScannedForEncodings = 0;
			knownRegions = (
				en,
				Base,
			);
			mainGroup = 9E6DB8592E59C60700476BE0;
			minimizedProjectReferenceProxies = 1;
			packageReferences = (
				9E95B4102ECC8CE4003E1678 /* XCRemoteSwiftPackageReference "swift-async-algorithms" */,
			);
			preferredProjectObjectVersion = 77;
			productRefGroup = 9E6DB8632E59C60700476BE0 /* Products */;
			projectDirPath = "";
			projectRoot = "";
			targets = (
				9E6DB8612E59C60700476BE0 /* SmartSpend */,
				9E6DB86E2E59C60A00476BE0 /* SmartSpendTests */,
				9E6DB8782E59C60A00476BE0 /* SmartSpendUITests */,
				C66B61272FAC6F6600C81E92 /* WidgetExtension */,
			);
		};
/* End PBXProject section */

/* Begin PBXResourcesBuildPhase section */
		9E6DB86D2E59C60A00476BE0 /* Resources */ = {
			isa = PBXResourcesBuildPhase;
			buildActionMask = 2147483647;
			files = (
			);
			runOnlyForDeploymentPostprocessing = 0;
		};
		9E6DB8772E59C60A00476BE0 /* Resources */ = {
			isa = PBXResourcesBuildPhase;
			buildActionMask = 2147483647;
			files = (
			);
			runOnlyForDeploymentPostprocessing = 0;
		};
		9E6EF85F2ECC79C2001FF394 /* Resources */ = {
			isa = PBXResourcesBuildPhase;
			buildActionMask = 2147483647;
			files = (
			);
			runOnlyForDeploymentPostprocessing = 0;
		};
		C66B61262FAC6F6600C81E92 /* Resources */ = {
			isa = PBXResourcesBuildPhase;
			buildActionMask = 2147483647;
			files = (
			);
			runOnlyForDeploymentPostprocessing = 0;
		};
/* End PBXResourcesBuildPhase section */

/* Begin PBXSourcesBuildPhase section */
		9E52A1702ECE1A1200362500 /* Sources */ = {
			isa = PBXSourcesBuildPhase;
			buildActionMask = 2147483647;
			files = (
			);
			runOnlyForDeploymentPostprocessing = 0;
		};
		9E6DB86B2E59C60A00476BE0 /* Sources */ = {
			isa = PBXSourcesBuildPhase;
			buildActionMask = 2147483647;
			files = (
			);
			runOnlyForDeploymentPostprocessing = 0;
		};
		9E6DB8752E59C60A00476BE0 /* Sources */ = {
			isa = PBXSourcesBuildPhase;
			buildActionMask = 2147483647;
			files = (
			);
			runOnlyForDeploymentPostprocessing = 0;
		};
		C66B61242FAC6F6600C81E92 /* Sources */ = {
			isa = PBXSourcesBuildPhase;
			buildActionMask = 2147483647;
			files = (
			);
			runOnlyForDeploymentPostprocessing = 0;
		};
/* End PBXSourcesBuildPhase section */

/* Begin PBXTargetDependency section */
		9E6DB8712E59C60A00476BE0 /* PBXTargetDependency */ = {
			isa = PBXTargetDependency;
			target = 9E6DB8612E59C60700476BE0 /* SmartSpend */;
			targetProxy = 9E6DB8702E59C60A00476BE0 /* PBXContainerItemProxy */;
		};
		9E6DB87B2E59C60A00476BE0 /* PBXTargetDependency */ = {
			isa = PBXTargetDependency;
			target = 9E6DB8612E59C60700476BE0 /* SmartSpend */;
			targetProxy = 9E6DB87A2E59C60A00476BE0 /* PBXContainerItemProxy */;
		};
		C66B61382FAC6F6700C81E92 /* PBXTargetDependency */ = {
			isa = PBXTargetDependency;
			target = C66B61272FAC6F6600C81E92 /* WidgetExtension */;
			targetProxy = C66B61372FAC6F6700C81E92 /* PBXContainerItemProxy */;
		};
/* End PBXTargetDependency section */

/* Begin XCBuildConfiguration section */
		9E6DB8812E59C60A00476BE0 /* Debug */ = {
			isa = XCBuildConfiguration;
			buildSettings = {
				ALWAYS_SEARCH_USER_PATHS = NO;
				ASSETCATALOG_COMPILER_GENERATE_SWIFT_ASSET_SYMBOL_EXTENSIONS = YES;
				CLANG_ANALYZER_NONNULL = YES;
				CLANG_ANALYZER_NUMBER_OBJECT_CONVERSION = YES_AGGRESSIVE;
				CLANG_CXX_LANGUAGE_STANDARD = "gnu++20";
				CLANG_ENABLE_MODULES = YES;
				CLANG_ENABLE_OBJC_ARC = YES;
				CLANG_ENABLE_OBJC_WEAK = YES;
				CLANG_WARN_BLOCK_CAPTURE_AUTORELEASING = YES;
				CLANG_WARN_BOOL_CONVERSION = YES;
				CLANG_WARN_COMMA = YES;
				CLANG_WARN_CONSTANT_CONVERSION = YES;
				CLANG_WARN_DEPRECATED_OBJC_IMPLEMENTATIONS = YES;
				CLANG_WARN_DIRECT_OBJC_ISA_USAGE = YES_ERROR;
				CLANG_WARN_DOCUMENTATION_COMMENTS = YES;
				CLANG_WARN_EMPTY_BODY = YES;
				CLANG_WARN_ENUM_CONVERSION = YES;
				CLANG_WARN_INFINITE_RECURSION = YES;
				CLANG_WARN_INT_CONVERSION = YES;
				CLANG_WARN_NON_LITERAL_NULL_CONVERSION = YES;
				CLANG_WARN_OBJC_IMPLICIT_RETAIN_SELF = YES;
				CLANG_WARN_OBJC_LITERAL_CONVERSION = YES;
				CLANG_WARN_OBJC_ROOT_CLASS = YES_ERROR;
				CLANG_WARN_QUOTED_INCLUDE_IN_FRAMEWORK_HEADER = YES;
				CLANG_WARN_RANGE_LOOP_ANALYSIS = YES;
				CLANG_WARN_STRICT_PROTOTYPES = YES;
				CLANG_WARN_SUSPICIOUS_MOVE = YES;
				CLANG_WARN_UNGUARDED_AVAILABILITY = YES_AGGRESSIVE;
				CLANG_WARN_UNREACHABLE_CODE = YES;
				CLANG_WARN__DUPLICATE_METHOD_MATCH = YES;
				COPY_PHASE_STRIP = NO;
				DEBUG_INFORMATION_FORMAT = dwarf;
				DEVELOPMENT_TEAM = 4R72PTT5ZJ;
				ENABLE_STRICT_OBJC_MSGSEND = YES;
				ENABLE_TESTABILITY = YES;
				ENABLE_USER_SCRIPT_SANDBOXING = YES;
				GCC_C_LANGUAGE_STANDARD = gnu17;
				GCC_DYNAMIC_NO_PIC = NO;
				GCC_NO_COMMON_BLOCKS = YES;
				GCC_OPTIMIZATION_LEVEL = 0;
				GCC_PREPROCESSOR_DEFINITIONS = (
					"DEBUG=1",
					"$(inherited)",
				);
				GCC_WARN_64_TO_32_BIT_CONVERSION = YES;
				GCC_WARN_ABOUT_RETURN_TYPE = YES_ERROR;
				GCC_WARN_UNDECLARED_SELECTOR = YES;
				GCC_WARN_UNINITIALIZED_AUTOS = YES_AGGRESSIVE;
				GCC_WARN_UNUSED_FUNCTION = YES;
				GCC_WARN_UNUSED_VARIABLE = YES;
				IPHONEOS_DEPLOYMENT_TARGET = 18.5;
				LOCALIZATION_PREFERS_STRING_CATALOGS = YES;
				MTL_ENABLE_DEBUG_INFO = INCLUDE_SOURCE;
				MTL_FAST_MATH = YES;
				ONLY_ACTIVE_ARCH = YES;
				SDKROOT = iphoneos;
				STRING_CATALOG_GENERATE_SYMBOLS = YES;
				SWIFT_ACTIVE_COMPILATION_CONDITIONS = "DEBUG $(inherited)";
				SWIFT_OPTIMIZATION_LEVEL = "-Onone";
			};
			name = Debug;
		};
		9E6DB8822E59C60A00476BE0 /* Release */ = {
			isa = XCBuildConfiguration;
			buildSettings = {
				ALWAYS_SEARCH_USER_PATHS = NO;
				ASSETCATALOG_COMPILER_GENERATE_SWIFT_ASSET_SYMBOL_EXTENSIONS = YES;
				CLANG_ANALYZER_NONNULL = YES;
				CLANG_ANALYZER_NUMBER_OBJECT_CONVERSION = YES_AGGRESSIVE;
				CLANG_CXX_LANGUAGE_STANDARD = "gnu++20";
				CLANG_ENABLE_MODULES = YES;
				CLANG_ENABLE_OBJC_ARC = YES;
				CLANG_ENABLE_OBJC_WEAK = YES;
				CLANG_WARN_BLOCK_CAPTURE_AUTORELEASING = YES;
				CLANG_WARN_BOOL_CONVERSION = YES;
				CLANG_WARN_COMMA = YES;
				CLANG_WARN_CONSTANT_CONVERSION = YES;
				CLANG_WARN_DEPRECATED_OBJC_IMPLEMENTATIONS = YES;
				CLANG_WARN_DIRECT_OBJC_ISA_USAGE = YES_ERROR;
				CLANG_WARN_DOCUMENTATION_COMMENTS = YES;
				CLANG_WARN_EMPTY_BODY = YES;
				CLANG_WARN_ENUM_CONVERSION = YES;
				CLANG_WARN_INFINITE_RECURSION = YES;
				CLANG_WARN_INT_CONVERSION = YES;
				CLANG_WARN_NON_LITERAL_NULL_CONVERSION = YES;
				CLANG_WARN_OBJC_IMPLICIT_RETAIN_SELF = YES;
				CLANG_WARN_OBJC_LITERAL_CONVERSION = YES;
				CLANG_WARN_OBJC_ROOT_CLASS = YES_ERROR;
				CLANG_WARN_QUOTED_INCLUDE_IN_FRAMEWORK_HEADER = YES;
				CLANG_WARN_RANGE_LOOP_ANALYSIS = YES;
				CLANG_WARN_STRICT_PROTOTYPES = YES;
				CLANG_WARN_SUSPICIOUS_MOVE = YES;
				CLANG_WARN_UNGUARDED_AVAILABILITY = YES_AGGRESSIVE;
				CLANG_WARN_UNREACHABLE_CODE = YES;
				CLANG_WARN__DUPLICATE_METHOD_MATCH = YES;
				COPY_PHASE_STRIP = NO;
				DEBUG_INFORMATION_FORMAT = "dwarf-with-dsym";
				DEVELOPMENT_TEAM = 4R72PTT5ZJ;
				ENABLE_NS_ASSERTIONS = NO;
				ENABLE_STRICT_OBJC_MSGSEND = YES;
				ENABLE_USER_SCRIPT_SANDBOXING = YES;
				GCC_C_LANGUAGE_STANDARD = gnu17;
				GCC_NO_COMMON_BLOCKS = YES;
				GCC_WARN_64_TO_32_BIT_CONVERSION = YES;
				GCC_WARN_ABOUT_RETURN_TYPE = YES_ERROR;
				GCC_WARN_UNDECLARED_SELECTOR = YES;
				GCC_WARN_UNINITIALIZED_AUTOS = YES_AGGRESSIVE;
				GCC_WARN_UNUSED_FUNCTION = YES;
				GCC_WARN_UNUSED_VARIABLE = YES;
				IPHONEOS_DEPLOYMENT_TARGET = 18.5;
				LOCALIZATION_PREFERS_STRING_CATALOGS = YES;
				MTL_ENABLE_DEBUG_INFO = NO;
				MTL_FAST_MATH = YES;
				SDKROOT = iphoneos;
				STRING_CATALOG_GENERATE_SYMBOLS = YES;
				SWIFT_COMPILATION_MODE = wholemodule;
				VALIDATE_PRODUCT = YES;
			};
			name = Release;
		};
		9E6DB8842E59C60A00476BE0 /* Debug */ = {
			isa = XCBuildConfiguration;
			buildSettings = {
				ASSETCATALOG_COMPILER_APPICON_NAME = AppIcon;
				ASSETCATALOG_COMPILER_GLOBAL_ACCENT_COLOR_NAME = AccentColor;
				CODE_SIGN_ENTITLEMENTS = SmartSpend/SmartSpend.entitlements;
				CODE_SIGN_STYLE = Automatic;
				CURRENT_PROJECT_VERSION = 1;
				DEVELOPMENT_TEAM = 4R72PTT5ZJ;
				ENABLE_PREVIEWS = YES;
				GENERATE_INFOPLIST_FILE = YES;
				INFOPLIST_KEY_NSCameraUsageDescription = "SmartSpend needs camera access to scan your receipts";
				INFOPLIST_KEY_NSPhotoLibraryUsageDescription = "SmartSpend needs access to your gallery to import receipt photos";
				INFOPLIST_KEY_UIApplicationSceneManifest_Generation = YES;
				INFOPLIST_KEY_UIApplicationSupportsIndirectInputEvents = YES;
				INFOPLIST_KEY_UILaunchScreen_Generation = YES;
				INFOPLIST_KEY_UISupportedInterfaceOrientations_iPad = "UIInterfaceOrientationPortrait UIInterfaceOrientationPortraitUpsideDown UIInterfaceOrientationLandscapeLeft UIInterfaceOrientationLandscapeRight";
				INFOPLIST_KEY_UISupportedInterfaceOrientations_iPhone = "UIInterfaceOrientationPortrait UIInterfaceOrientationLandscapeLeft UIInterfaceOrientationLandscapeRight";
				LD_RUNPATH_SEARCH_PATHS = (
					"$(inherited)",
					"@executable_path/Frameworks",
				);
				MARKETING_VERSION = 2.0;
				PRODUCT_BUNDLE_IDENTIFIER = com.tursunov.SmartSpend;
				PRODUCT_NAME = "$(TARGET_NAME)";
				SWIFT_EMIT_LOC_STRINGS = YES;
				SWIFT_VERSION = 5.0;
				TARGETED_DEVICE_FAMILY = "1,2";
			};
			name = Debug;
		};
		9E6DB8852E59C60A00476BE0 /* Release */ = {
			isa = XCBuildConfiguration;
			buildSettings = {
				ASSETCATALOG_COMPILER_APPICON_NAME = AppIcon;
				ASSETCATALOG_COMPILER_GLOBAL_ACCENT_COLOR_NAME = AccentColor;
				CODE_SIGN_ENTITLEMENTS = SmartSpend/SmartSpend.entitlements;
				CODE_SIGN_STYLE = Automatic;
				CURRENT_PROJECT_VERSION = 1;
				DEVELOPMENT_TEAM = 4R72PTT5ZJ;
				ENABLE_PREVIEWS = YES;
				GENERATE_INFOPLIST_FILE = YES;
				INFOPLIST_KEY_NSCameraUsageDescription = "SmartSpend needs camera access to scan your receipts";
				INFOPLIST_KEY_NSPhotoLibraryUsageDescription = "SmartSpend needs access to your gallery to import receipt photos";
				INFOPLIST_KEY_UIApplicationSceneManifest_Generation = YES;
				INFOPLIST_KEY_UIApplicationSupportsIndirectInputEvents = YES;
				INFOPLIST_KEY_UILaunchScreen_Generation = YES;
				INFOPLIST_KEY_UISupportedInterfaceOrientations_iPad = "UIInterfaceOrientationPortrait UIInterfaceOrientationPortraitUpsideDown UIInterfaceOrientationLandscapeLeft UIInterfaceOrientationLandscapeRight";
				INFOPLIST_KEY_UISupportedInterfaceOrientations_iPhone = "UIInterfaceOrientationPortrait UIInterfaceOrientationLandscapeLeft UIInterfaceOrientationLandscapeRight";
				LD_RUNPATH_SEARCH_PATHS = (
					"$(inherited)",
					"@executable_path/Frameworks",
				);
				MARKETING_VERSION = 2.0;
				PRODUCT_BUNDLE_IDENTIFIER = com.tursunov.SmartSpend;
				PRODUCT_NAME = "$(TARGET_NAME)";
				SWIFT_EMIT_LOC_STRINGS = YES;
				SWIFT_VERSION = 5.0;
				TARGETED_DEVICE_FAMILY = "1,2";
			};
			name = Release;
		};
		9E6DB8872E59C60A00476BE0 /* Debug */ = {
			isa = XCBuildConfiguration;
			buildSettings = {
				BUNDLE_LOADER = "$(TEST_HOST)";
				CODE_SIGN_STYLE = Automatic;
				CURRENT_PROJECT_VERSION = 1;
				DEVELOPMENT_TEAM = 4R72PTT5ZJ;
				GENERATE_INFOPLIST_FILE = YES;
				IPHONEOS_DEPLOYMENT_TARGET = 18.5;
				MARKETING_VERSION = 2.0;
				PRODUCT_BUNDLE_IDENTIFIER = muydinov.uz.SmartSpendTests;
				PRODUCT_NAME = "$(TARGET_NAME)";
				SWIFT_EMIT_LOC_STRINGS = NO;
				SWIFT_VERSION = 5.0;
				TARGETED_DEVICE_FAMILY = "1,2";
				TEST_HOST = "$(BUILT_PRODUCTS_DIR)/SmartSpend.app/$(BUNDLE_EXECUTABLE_FOLDER_PATH)/SmartSpend";
			};
			name = Debug;
		};
		9E6DB8882E59C60A00476BE0 /* Release */ = {
			isa = XCBuildConfiguration;
			buildSettings = {
				BUNDLE_LOADER = "$(TEST_HOST)";
				CODE_SIGN_STYLE = Automatic;
				CURRENT_PROJECT_VERSION = 1;
				DEVELOPMENT_TEAM = 4R72PTT5ZJ;
				GENERATE_INFOPLIST_FILE = YES;
				IPHONEOS_DEPLOYMENT_TARGET = 18.5;
				MARKETING_VERSION = 2.0;
				PRODUCT_BUNDLE_IDENTIFIER = muydinov.uz.SmartSpendTests;
				PRODUCT_NAME = "$(TARGET_NAME)";
				SWIFT_EMIT_LOC_STRINGS = NO;
				SWIFT_VERSION = 5.0;
				TARGETED_DEVICE_FAMILY = "1,2";
				TEST_HOST = "$(BUILT_PRODUCTS_DIR)/SmartSpend.app/$(BUNDLE_EXECUTABLE_FOLDER_PATH)/SmartSpend";
			};
			name = Release;
		};
		9E6DB88A2E59C60A00476BE0 /* Debug */ = {
			isa = XCBuildConfiguration;
			buildSettings = {
				CODE_SIGN_STYLE = Automatic;
				CURRENT_PROJECT_VERSION = 1;
				DEVELOPMENT_TEAM = 4R72PTT5ZJ;
				GENERATE_INFOPLIST_FILE = YES;
				MARKETING_VERSION = 2.0;
				PRODUCT_BUNDLE_IDENTIFIER = com.tursunov.SmartSpendUITests;
				PRODUCT_NAME = "$(TARGET_NAME)";
				SWIFT_EMIT_LOC_STRINGS = NO;
				SWIFT_VERSION = 5.0;
				TARGETED_DEVICE_FAMILY = "1,2";
				TEST_TARGET_NAME = SmartSpend;
			};
			name = Debug;
		};
		9E6DB88B2E59C60A00476BE0 /* Release */ = {
			isa = XCBuildConfiguration;
			buildSettings = {
				CODE_SIGN_STYLE = Automatic;
				CURRENT_PROJECT_VERSION = 1;
				DEVELOPMENT_TEAM = 4R72PTT5ZJ;
				GENERATE_INFOPLIST_FILE = YES;
				MARKETING_VERSION = 2.0;
				PRODUCT_BUNDLE_IDENTIFIER = com.tursunov.SmartSpendUITests;
				PRODUCT_NAME = "$(TARGET_NAME)";
				SWIFT_EMIT_LOC_STRINGS = NO;
				SWIFT_VERSION = 5.0;
				TARGETED_DEVICE_FAMILY = "1,2";
				TEST_TARGET_NAME = SmartSpend;
			};
			name = Release;
		};
		C66B613B2FAC6F6700C81E92 /* Debug */ = {
			isa = XCBuildConfiguration;
			buildSettings = {
				ASSETCATALOG_COMPILER_GLOBAL_ACCENT_COLOR_NAME = AccentColor;
				ASSETCATALOG_COMPILER_WIDGET_BACKGROUND_COLOR_NAME = WidgetBackground;
				CODE_SIGN_ENTITLEMENTS = WidgetExtension.entitlements;
				CODE_SIGN_STYLE = Automatic;
				CURRENT_PROJECT_VERSION = 1;
				DEVELOPMENT_TEAM = 4R72PTT5ZJ;
				GENERATE_INFOPLIST_FILE = YES;
				INFOPLIST_FILE = Widget/Info.plist;
				INFOPLIST_KEY_CFBundleDisplayName = Widget;
				INFOPLIST_KEY_NSHumanReadableCopyright = "";
				IPHONEOS_DEPLOYMENT_TARGET = 26.4;
				LD_RUNPATH_SEARCH_PATHS = (
					"$(inherited)",
					"@executable_path/Frameworks",
					"@executable_path/../../Frameworks",
				);
				MARKETING_VERSION = 2.0;
				PRODUCT_BUNDLE_IDENTIFIER = com.tursunov.SmartSpend.Widget;
				PRODUCT_NAME = "$(TARGET_NAME)";
				SKIP_INSTALL = YES;
				STRING_CATALOG_GENERATE_SYMBOLS = YES;
				SWIFT_APPROACHABLE_CONCURRENCY = YES;
				SWIFT_EMIT_LOC_STRINGS = YES;
				SWIFT_UPCOMING_FEATURE_MEMBER_IMPORT_VISIBILITY = YES;
				SWIFT_VERSION = 5.0;
				TARGETED_DEVICE_FAMILY = "1,2";
			};
			name = Debug;
		};
		C66B613C2FAC6F6700C81E92 /* Release */ = {
			isa = XCBuildConfiguration;
			buildSettings = {
				ASSETCATALOG_COMPILER_GLOBAL_ACCENT_COLOR_NAME = AccentColor;
				ASSETCATALOG_COMPILER_WIDGET_BACKGROUND_COLOR_NAME = WidgetBackground;
				CODE_SIGN_ENTITLEMENTS = WidgetExtension.entitlements;
				CODE_SIGN_STYLE = Automatic;
				CURRENT_PROJECT_VERSION = 1;
				DEVELOPMENT_TEAM = 4R72PTT5ZJ;
				GENERATE_INFOPLIST_FILE = YES;
				INFOPLIST_FILE = Widget/Info.plist;
				INFOPLIST_KEY_CFBundleDisplayName = Widget;
				INFOPLIST_KEY_NSHumanReadableCopyright = "";
				IPHONEOS_DEPLOYMENT_TARGET = 26.4;
				LD_RUNPATH_SEARCH_PATHS = (
					"$(inherited)",
					"@executable_path/Frameworks",
					"@executable_path/../../Frameworks",
				);
				MARKETING_VERSION = 2.0;
				PRODUCT_BUNDLE_IDENTIFIER = com.tursunov.SmartSpend.Widget;
				PRODUCT_NAME = "$(TARGET_NAME)";
				SKIP_INSTALL = YES;
				STRING_CATALOG_GENERATE_SYMBOLS = YES;
				SWIFT_APPROACHABLE_CONCURRENCY = YES;
				SWIFT_EMIT_LOC_STRINGS = YES;
				SWIFT_UPCOMING_FEATURE_MEMBER_IMPORT_VISIBILITY = YES;
				SWIFT_VERSION = 5.0;
				TARGETED_DEVICE_FAMILY = "1,2";
			};
			name = Release;
		};
/* End XCBuildConfiguration section */

/* Begin XCConfigurationList section */
		9E6DB85D2E59C60700476BE0 /* Build configuration list for PBXProject "SmartSpend" */ = {
			isa = XCConfigurationList;
			buildConfigurations = (
				9E6DB8812E59C60A00476BE0 /* Debug */,
				9E6DB8822E59C60A00476BE0 /* Release */,
			);
			defaultConfigurationIsVisible = 0;
			defaultConfigurationName = Release;
		};
		9E6DB8832E59C60A00476BE0 /* Build configuration list for PBXNativeTarget "SmartSpend" */ = {
			isa = XCConfigurationList;
			buildConfigurations = (
				9E6DB8842E59C60A00476BE0 /* Debug */,
				9E6DB8852E59C60A00476BE0 /* Release */,
			);
			defaultConfigurationIsVisible = 0;
			defaultConfigurationName = Release;
		};
		9E6DB8862E59C60A00476BE0 /* Build configuration list for PBXNativeTarget "SmartSpendTests" */ = {
			isa = XCConfigurationList;
			buildConfigurations = (
				9E6DB8872E59C60A00476BE0 /* Debug */,
				9E6DB8882E59C60A00476BE0 /* Release */,
			);
			defaultConfigurationIsVisible = 0;
			defaultConfigurationName = Release;
		};
		9E6DB8892E59C60A00476BE0 /* Build configuration list for PBXNativeTarget "SmartSpendUITests" */ = {
			isa = XCConfigurationList;
			buildConfigurations = (
				9E6DB88A2E59C60A00476BE0 /* Debug */,
				9E6DB88B2E59C60A00476BE0 /* Release */,
			);
			defaultConfigurationIsVisible = 0;
			defaultConfigurationName = Release;
		};
		C66B613E2FAC6F6700C81E92 /* Build configuration list for PBXNativeTarget "WidgetExtension" */ = {
			isa = XCConfigurationList;
			buildConfigurations = (
				C66B613B2FAC6F6700C81E92 /* Debug */,
				C66B613C2FAC6F6700C81E92 /* Release */,
			);
			defaultConfigurationIsVisible = 0;
			defaultConfigurationName = Release;
		};
/* End XCConfigurationList section */

/* Begin XCRemoteSwiftPackageReference section */
		9E95B4102ECC8CE4003E1678 /* XCRemoteSwiftPackageReference "swift-async-algorithms" */ = {
			isa = XCRemoteSwiftPackageReference;
			repositoryURL = "https://github.com/apple/swift-async-algorithms.git";
			requirement = {
				kind = upToNextMajorVersion;
				minimumVersion = 1.0.4;
			};
		};
/* End XCRemoteSwiftPackageReference section */
	};
	rootObject = 9E6DB85A2E59C60700476BE0 /* Project object */;
}
